
Microsoft Visual Studio Solution File, Format Version 12.00
# Visual Studio Version 17
VisualStudioVersion = 17.7.34024.191
MinimumVisualStudioVersion = 10.0.40219.1
Project("{FAE04EC0-301F-11D3-BF4B-00C04F79EFBC}") = "htmlSerializer", "htmlSerializer.csproj", "{B4CAA8A4-FE51-4195-9728-BF6C43E0390D}"
EndProject
Global
	GlobalSection(SolutionConfigurationPlatforms) = preSolution
		Debug|Any CPU = Debug|Any CPU
		Release|Any CPU = Release|Any CPU
	EndGlobalSection
	GlobalSection(ProjectConfigurationPlatforms) = postSolution
		{B4CAA8A4-FE51-4195-9728-BF6C43E0390D}.Debug|Any CPU.ActiveCfg = Debug|Any CPU
		{B4CAA8A4-FE51-4195-9728-BF6C43E0390D}.Debug|Any CPU.Build.0 = Debug|Any CPU
		{B4CAA8A4-FE51-4195-9728-BF6C43E0390D}.Release|Any CPU.ActiveCfg = Release|Any CPU
		{B4CAA8A4-FE51-4195-9728-BF6C43E0390D}.Release|Any CPU.Build.0 = Release|Any CPU
	EndGlobalSection
	GlobalSection(SolutionProperties) = preSolution
		HideSolutionNode = FALSE
	EndGlobalSection
	GlobalSection(ExtensibilityGlobals) = postSolution
		SolutionGuid = {7F86D46E-23EC-46F2-88A2-168D0BCE4178}
	EndGlobalSection
EndGlobal
